// !$*UTF8*$!
{
	archiveVersion = 1;
	classes = {
	};
	objectVersion = 77;
	objects = {

/* Begin PBXBuildFile section */
		42A362BA2F37E37300F7B00B /* Assets.xcassets in Resources */ = {isa = PBXBuildFile; fileRef = 42A362B62F37E37300F7B00B /* Assets.xcassets */; };
		42A362DF2F37E39F00F7B00B /* ReadingPlanProvider.swift in Sources */ = {isa = PBXBuildFile; fileRef = 42A362D32F37E39F00F7B00B /* ReadingPlanProvider.swift */; };
		42A362E02F37E39F00F7B00B /* ContentView.swift in Sources */ = {isa = PBXBuildFile; fileRef = 42A362C02F37E39F00F7B00B /* ContentView.swift */; };
		42A362E12F37E39F00F7B00B /* PrayerArea.swift in Sources */ = {isa = PBXBuildFile; fileRef = 42A362CE2F37E39F00F7B00B /* PrayerArea.swift */; };
		42A362E22F37E39F00F7B00B /* CommonUI.swift in Sources */ = {isa = PBXBuildFile; fileRef = 42A362BF2F37E39F00F7B00B /* CommonUI.swift */; };
		42A362E32F37E39F00F7B00B /* PrayerItem.swift in Sources */ = {isa = PBXBuildFile; fileRef = 42A362CF2F37E39F00F7B00B /* PrayerItem.swift */; };
		42A362E42F37E39F00F7B00B /* SettingsView.swift in Sources */ = {isa = PBXBuildFile; fileRef = 42A362D72F37E39F00F7B00B /* SettingsView.swift */; };
		42A362E52F37E39F00F7B00B /* DivineHoursView.swift in Sources */ = {isa = PBXBuildFile; fileRef = 42A362C22F37E39F00F7B00B /* DivineHoursView.swift */; };
		42A362E62F37E39F00F7B00B /* ScriptureView.swift in Sources */ = {isa = PBXBuildFile; fileRef = 42A362D62F37E39F00F7B00B /* ScriptureView.swift */; };
		42A362E72F37E39F00F7B00B /* ReadDay.swift in Sources */ = {isa = PBXBuildFile; fileRef = 42A362D22F37E39F00F7B00B /* ReadDay.swift */; };
		42A362E82F37E39F00F7B00B /* RSSFeed.swift in Sources */ = {isa = PBXBuildFile; fileRef = 42A362D42F37E39F00F7B00B /* RSSFeed.swift */; };
		42A362E92F37E39F00F7B00B /* PrayedDay.swift in Sources */ = {isa = PBXBuildFile; fileRef = 42A362CD2F37E39F00F7B00B /* PrayedDay.swift */; };
		42A362EA2F37E39F00F7B00B /* DivineHoursService.swift in Sources */ = {isa = PBXBuildFile; fileRef = 42A362C12F37E39F00F7B00B /* DivineHoursService.swift */; };
		42A362EB2F37E39F00F7B00B /* StudyHomeView.swift in Sources */ = {isa = PBXBuildFile; fileRef = 42A362D92F37E39F00F7B00B /* StudyHomeView.swift */; };
		42A362EC2F37E39F00F7B00B /* ScriptureService.swift in Sources */ = {isa = PBXBuildFile; fileRef = 42A362D52F37E39F00F7B00B /* ScriptureService.swift */; };
		42A362EE2F37E39F00F7B00B /* NativeTextView.swift in Sources */ = {isa = PBXBuildFile; fileRef = 42A362CA2F37E39F00F7B00B /* NativeTextView.swift */; };
		42A362EF2F37E39F00F7B00B /* JournalSection.swift in Sources */ = {isa = PBXBuildFile; fileRef = 42A362C72F37E39F00F7B00B /* JournalSection.swift */; };
		42A362F02F37E39F00F7B00B /* PersonalPrayerView.swift in Sources */ = {isa = PBXBuildFile; fileRef = 42A362CC2F37E39F00F7B00B /* PersonalPrayerView.swift */; };
		42A362F12F37E39F00F7B00B /* JournalHomeView.swift in Sources */ = {isa = PBXBuildFile; fileRef = 42A362C62F37E39F00F7B00B /* JournalHomeView.swift */; };
		42A362F22F37E39F00F7B00B /* UbiquitousStore.swift in Sources */ = {isa = PBXBuildFile; fileRef = 42A362DB2F37E39F00F7B00B /* UbiquitousStore.swift */; };
		42A362F32F37E39F00F7B00B /* HomeView.swift in Sources */ = {isa = PBXBuildFile; fileRef = 42A362C42F37E39F00F7B00B /* HomeView.swift */; };
		42A362F42F37E39F00F7B00B /* PensiveApp.swift in Sources */ = {isa = PBXBuildFile; fileRef = 42A362CB2F37E39F00F7B00B /* PensiveApp.swift */; };
		42A362F52F37E39F00F7B00B /* FeedManagementView.swift in Sources */ = {isa = PBXBuildFile; fileRef = 42A362C32F37E39F00F7B00B /* FeedManagementView.swift */; };
		42A362F62F37E39F00F7B00B /* SymbolPicker.swift in Sources */ = {isa = PBXBuildFile; fileRef = 42A362DA2F37E39F00F7B00B /* SymbolPicker.swift */; };
		42A362F72F37E39F00F7B00B /* JournalEntry.swift in Sources */ = {isa = PBXBuildFile; fileRef = 42A362C52F37E39F00F7B00B /* JournalEntry.swift */; };
		42A362F82F37E39F00F7B00B /* MasonryViews.swift in Sources */ = {isa = PBXBuildFile; fileRef = 42A362C92F37E39F00F7B00B /* MasonryViews.swift */; };
		42A362F92F37E39F00F7B00B /* StudyArticleCard.swift in Sources */ = {isa = PBXBuildFile; fileRef = 42A362D82F37E39F00F7B00B /* StudyArticleCard.swift */; };
		42A362FA2F37E39F00F7B00B /* PubMedService.swift in Sources */ = {isa = PBXBuildFile; fileRef = 42A362D12F37E39F00F7B00B /* PubMedService.swift */; };
		42A362FB2F37E39F00F7B00B /* LocationManager.swift in Sources */ = {isa = PBXBuildFile; fileRef = 42A362C82F37E39F00F7B00B /* LocationManager.swift */; };
		42A362FC2F37E39F00F7B00B /* PrayHomeView.swift in Sources */ = {isa = PBXBuildFile; fileRef = 42A362D02F37E39F00F7B00B /* PrayHomeView.swift */; };
		42A362FD2F37E39F00F7B00B /* AppIcon.icns in Resources */ = {isa = PBXBuildFile; fileRef = 42A362BC2F37E39F00F7B00B /* AppIcon.icns */; };
		42A362FE2F37E39F00F7B00B /* plan.json in Resources */ = {isa = PBXBuildFile; fileRef = 42A362BD2F37E39F00F7B00B /* plan.json */; };
		42BE99CE2F3813CF00CBE507 /* JournalEditor.swift in Sources */ = {isa = PBXBuildFile; fileRef = 42BE99CB2F3813CF00CBE507 /* JournalEditor.swift */; };
		42BE99CF2F3813CF00CBE507 /* JournalView.swift in Sources */ = {isa = PBXBuildFile; fileRef = 42BE99CC2F3813CF00CBE507 /* JournalView.swift */; };
		42BE99D02F3813CF00CBE507 /* StudyDashboardView.swift in Sources */ = {isa = PBXBuildFile; fileRef = 42BE99CD2F3813CF00CBE507 /* StudyDashboardView.swift */; };
		42BE99D12F3813CF00CBE507 /* IOSJournalEditor.swift in Sources */ = {isa = PBXBuildFile; fileRef = 42BE99CA2F3813CF00CBE507 /* IOSJournalEditor.swift */; };
		42BE99D32F3815EB00CBE507 /* IOSJournalBrowserView.swift in Sources */ = {isa = PBXBuildFile; fileRef = 42BE99D22F3815EB00CBE507 /* IOSJournalBrowserView.swift */; };
		42BE99D52F3818D900CBE507 /* JournalEntryReader.swift in Sources */ = {isa = PBXBuildFile; fileRef = 42BE99D42F3818D900CBE507 /* JournalEntryReader.swift */; };
		42BE99D72F3826D800CBE507 /* UnifiedModuleHeader.swift in Sources */ = {isa = PBXBuildFile; fileRef = 42BE99D62F3826D800CBE507 /* UnifiedModuleHeader.swift */; };
		42A362FF2F37E39F00F7B00B /* URL+Proxy.swift in Sources */ = {isa = PBXBuildFile; fileRef = 42A362DC2F37E39F00F7B00B /* URL+Proxy.swift */; };
/* End PBXBuildFile section */

/* Begin PBXFileReference section */
		4210DA242F3608EE00649B43 /* Pensive.app */ = {isa = PBXFileReference; explicitFileType = wrapper.application; includeInIndex = 0; path = Pensive.app; sourceTree = BUILT_PRODUCTS_DIR; };
		42A362B62F37E37300F7B00B /* Assets.xcassets */ = {isa = PBXFileReference; lastKnownFileType = folder.assetcatalog; path = Assets.xcassets; sourceTree = "<group>"; };
		42A362B72F37E37300F7B00B /* Info.plist */ = {isa = PBXFileReference; lastKnownFileType = text.plist.xml; path = Info.plist; sourceTree = "<group>"; };
		42A362B82F37E37300F7B00B /* Pensive.entitlements */ = {isa = PBXFileReference; lastKnownFileType = text.plist.entitlements; path = Pensive.entitlements; sourceTree = "<group>"; };
		42A362BC2F37E39F00F7B00B /* AppIcon.icns */ = {isa = PBXFileReference; lastKnownFileType = image.icns; path = AppIcon.icns; sourceTree = "<group>"; };
		42A362BD2F37E39F00F7B00B /* plan.json */ = {isa = PBXFileReference; lastKnownFileType = text.json; path = plan.json; sourceTree = "<group>"; };
		42A362BF2F37E39F00F7B00B /* CommonUI.swift */ = {isa = PBXFileReference; lastKnownFileType = sourcecode.swift; path = CommonUI.swift; sourceTree = "<group>"; };
		42A362C02F37E39F00F7B00B /* ContentView.swift */ = {isa = PBXFileReference; lastKnownFileType = sourcecode.swift; path = ContentView.swift; sourceTree = "<group>"; };
		42A362C12F37E39F00F7B00B /* DivineHoursService.swift */ = {isa = PBXFileReference; lastKnownFileType = sourcecode.swift; path = DivineHoursService.swift; sourceTree = "<group>"; };
		42A362C22F37E39F00F7B00B /* DivineHoursView.swift */ = {isa = PBXFileReference; lastKnownFileType = sourcecode.swift; path = DivineHoursView.swift; sourceTree = "<group>"; };
		42A362C32F37E39F00F7B00B /* FeedManagementView.swift */ = {isa = PBXFileReference; lastKnownFileType = sourcecode.swift; path = FeedManagementView.swift; sourceTree = "<group>"; };
		42A362C42F37E39F00F7B00B /* HomeView.swift */ = {isa = PBXFileReference; lastKnownFileType = sourcecode.swift; path = HomeView.swift; sourceTree = "<group>"; };
		42A362C52F37E39F00F7B00B /* JournalEntry.swift */ = {isa = PBXFileReference; lastKnownFileType = sourcecode.swift; path = JournalEntry.swift; sourceTree = "<group>"; };
		42A362C62F37E39F00F7B00B /* JournalHomeView.swift */ = {isa = PBXFileReference; lastKnownFileType = sourcecode.swift; path = JournalHomeView.swift; sourceTree = "<group>"; };
		42A362C72F37E39F00F7B00B /* JournalSection.swift */ = {isa = PBXFileReference; lastKnownFileType = sourcecode.swift; path = JournalSection.swift; sourceTree = "<group>"; };
		42A362C82F37E39F00F7B00B /* LocationManager.swift */ = {isa = PBXFileReference; lastKnownFileType = sourcecode.swift; path = LocationManager.swift; sourceTree = "<group>"; };
		42A362C92F37E39F00F7B00B /* MasonryViews.swift */ = {isa = PBXFileReference; lastKnownFileType = sourcecode.swift; path = MasonryViews.swift; sourceTree = "<group>"; };
		42A362CA2F37E39F00F7B00B /* NativeTextView.swift */ = {isa = PBXFileReference; lastKnownFileType = sourcecode.swift; path = NativeTextView.swift; sourceTree = "<group>"; };
		42A362CB2F37E39F00F7B00B /* PensiveApp.swift */ = {isa = PBXFileReference; lastKnownFileType = sourcecode.swift; path = PensiveApp.swift; sourceTree = "<group>"; };
		42A362CC2F37E39F00F7B00B /* PersonalPrayerView.swift */ = {isa = PBXFileReference; lastKnownFileType = sourcecode.swift; path = PersonalPrayerView.swift; sourceTree = "<group>"; };
		42A362CD2F37E39F00F7B00B /* PrayedDay.swift */ = {isa = PBXFileReference; lastKnownFileType = sourcecode.swift; path = PrayedDay.swift; sourceTree = "<group>"; };
		42A362CE2F37E39F00F7B00B /* PrayerArea.swift */ = {isa = PBXFileReference; lastKnownFileType = sourcecode.swift; path = PrayerArea.swift; sourceTree = "<group>"; };
		42A362CF2F37E39F00F7B00B /* PrayerItem.swift */ = {isa = PBXFileReference; lastKnownFileType = sourcecode.swift; path = PrayerItem.swift; sourceTree = "<group>"; };
		42A362D02F37E39F00F7B00B /* PrayHomeView.swift */ = {isa = PBXFileReference; lastKnownFileType = sourcecode.swift; path = PrayHomeView.swift; sourceTree = "<group>"; };
		42A362D12F37E39F00F7B00B /* PubMedService.swift */ = {isa = PBXFileReference; lastKnownFileType = sourcecode.swift; path = PubMedService.swift; sourceTree = "<group>"; };
		42A362D22F37E39F00F7B00B /* ReadDay.swift */ = {isa = PBXFileReference; lastKnownFileType = sourcecode.swift; path = ReadDay.swift; sourceTree = "<group>"; };
		42A362D32F37E39F00F7B00B /* ReadingPlanProvider.swift */ = {isa = PBXFileReference; lastKnownFileType = sourcecode.swift; path = ReadingPlanProvider.swift; sourceTree = "<group>"; };
		42A362D42F37E39F00F7B00B /* RSSFeed.swift */ = {isa = PBXFileReference; lastKnownFileType = sourcecode.swift; path = RSSFeed.swift; sourceTree = "<group>"; };
		42A362D52F37E39F00F7B00B /* ScriptureService.swift */ = {isa = PBXFileReference; lastKnownFileType = sourcecode.swift; path = ScriptureService.swift; sourceTree = "<group>"; };
		42A362D62F37E39F00F7B00B /* ScriptureView.swift */ = {isa = PBXFileReference; lastKnownFileType = sourcecode.swift; path = ScriptureView.swift; sourceTree = "<group>"; };
		42A362D72F37E39F00F7B00B /* SettingsView.swift */ = {isa = PBXFileReference; lastKnownFileType = sourcecode.swift; path = SettingsView.swift; sourceTree = "<group>"; };
		42A362D82F37E39F00F7B00B /* StudyArticleCard.swift */ = {isa = PBXFileReference; lastKnownFileType = sourcecode.swift; path = StudyArticleCard.swift; sourceTree = "<group>"; };
		42A362D92F37E39F00F7B00B /* StudyHomeView.swift */ = {isa = PBXFileReference; lastKnownFileType = sourcecode.swift; path = StudyHomeView.swift; sourceTree = "<group>"; };
		42A362DA2F37E39F00F7B00B /* SymbolPicker.swift */ = {isa = PBXFileReference; lastKnownFileType = sourcecode.swift; path = SymbolPicker.swift; sourceTree = "<group>"; };
		42A362DB2F37E39F00F7B00B /* UbiquitousStore.swift */ = {isa = PBXFileReference; lastKnownFileType = sourcecode.swift; path = UbiquitousStore.swift; sourceTree = "<group>"; };
		42BE99CA2F3813CF00CBE507 /* IOSJournalEditor.swift */ = {isa = PBXFileReference; lastKnownFileType = sourcecode.swift; path = IOSJournalEditor.swift; sourceTree = "<group>"; };
		42BE99CB2F3813CF00CBE507 /* JournalEditor.swift */ = {isa = PBXFileReference; lastKnownFileType = sourcecode.swift; path = JournalEditor.swift; sourceTree = "<group>"; };
		42BE99CC2F3813CF00CBE507 /* JournalView.swift */ = {isa = PBXFileReference; lastKnownFileType = sourcecode.swift; path = JournalView.swift; sourceTree = "<group>"; };
		42BE99CD2F3813CF00CBE507 /* StudyDashboardView.swift */ = {isa = PBXFileReference; lastKnownFileType = sourcecode.swift; path = StudyDashboardView.swift; sourceTree = "<group>"; };
		42BE99D22F3815EB00CBE507 /* IOSJournalBrowserView.swift */ = {isa = PBXFileReference; lastKnownFileType = sourcecode.swift; path = IOSJournalBrowserView.swift; sourceTree = "<group>"; };
		42BE99D42F3818D900CBE507 /* JournalEntryReader.swift */ = {isa = PBXFileReference; lastKnownFileType = sourcecode.swift; path = JournalEntryReader.swift; sourceTree = "<group>"; };
		42BE99D62F3826D800CBE507 /* UnifiedModuleHeader.swift */ = {isa = PBXFileReference; lastKnownFileType = sourcecode.swift; path = UnifiedModuleHeader.swift; sourceTree = "<group>"; };
		42A362DC2F37E39F00F7B00B /* URL+Proxy.swift */ = {isa = PBXFileReference; lastKnownFileType = sourcecode.swift; path = "URL+Proxy.swift"; sourceTree = "<group>"; };
/* End PBXFileReference section */

/* Begin PBXFrameworksBuildPhase section */
		4210DA212F3608EE00649B43 /* Frameworks */ = {
			isa = PBXFrameworksBuildPhase;
			buildActionMask = 2147483647;
			files = (
			);
			runOnlyForDeploymentPostprocessing = 0;
		};
/* End PBXFrameworksBuildPhase section */

/* Begin PBXGroup section */
		4210DA1B2F3608EE00649B43 = {
			isa = PBXGroup;
			children = (
				42A362B92F37E37300F7B00B /* Pensive */,
				4210DA252F3608EE00649B43 /* Products */,
				42A362DE2F37E39F00F7B00B /* Sources */,
			);
			sourceTree = "<group>";
		};
		4210DA252F3608EE00649B43 /* Products */ = {
			isa = PBXGroup;
			children = (
				4210DA242F3608EE00649B43 /* Pensive.app */,
			);
			name = Products;
			sourceTree = "<group>";
		};
		42A362B92F37E37300F7B00B /* Pensive */ = {
			isa = PBXGroup;
			children = (
				42A362B62F37E37300F7B00B /* Assets.xcassets */,
				42A362B72F37E37300F7B00B /* Info.plist */,
				42A362B82F37E37300F7B00B /* Pensive.entitlements */,
			);
			path = Pensive;
			sourceTree = "<group>";
		};
		42A362BE2F37E39F00F7B00B /* Resources */ = {
			isa = PBXGroup;
			children = (
				42A362BC2F37E39F00F7B00B /* AppIcon.icns */,
				42A362BD2F37E39F00F7B00B /* plan.json */,
			);
			path = Resources;
			sourceTree = "<group>";
		};
		42A362DD2F37E39F00F7B00B /* Pensive */ = {
			isa = PBXGroup;
			children = (
				42A362BE2F37E39F00F7B00B /* Resources */,
				42A362BF2F37E39F00F7B00B /* CommonUI.swift */,
				42A362C02F37E39F00F7B00B /* ContentView.swift */,
				42A362C12F37E39F00F7B00B /* DivineHoursService.swift */,
				42A362C22F37E39F00F7B00B /* DivineHoursView.swift */,
				42A362C32F37E39F00F7B00B /* FeedManagementView.swift */,
				42A362C42F37E39F00F7B00B /* HomeView.swift */,
				42A362C52F37E39F00F7B00B /* JournalEntry.swift */,
				42A362C62F37E39F00F7B00B /* JournalHomeView.swift */,
				42A362C72F37E39F00F7B00B /* JournalSection.swift */,
				42A362C82F37E39F00F7B00B /* LocationManager.swift */,
				42A362C92F37E39F00F7B00B /* MasonryViews.swift */,
				42A362CA2F37E39F00F7B00B /* NativeTextView.swift */,
				42A362CB2F37E39F00F7B00B /* PensiveApp.swift */,
				42A362CC2F37E39F00F7B00B /* PersonalPrayerView.swift */,
				42A362CD2F37E39F00F7B00B /* PrayedDay.swift */,
				42BE99D62F3826D800CBE507 /* UnifiedModuleHeader.swift */,
				42A362CE2F37E39F00F7B00B /* PrayerArea.swift */,
				42A362CF2F37E39F00F7B00B /* PrayerItem.swift */,
				42A362D02F37E39F00F7B00B /* PrayHomeView.swift */,
				42A362D12F37E39F00F7B00B /* PubMedService.swift */,
				42A362D22F37E39F00F7B00B /* ReadDay.swift */,
				42A362D32F37E39F00F7B00B /* ReadingPlanProvider.swift */,
				42A362D42F37E39F00F7B00B /* RSSFeed.swift */,
				42A362D52F37E39F00F7B00B /* ScriptureService.swift */,
				42A362D62F37E39F00F7B00B /* ScriptureView.swift */,
				42A362D72F37E39F00F7B00B /* SettingsView.swift */,
				42A362D82F37E39F00F7B00B /* StudyArticleCard.swift */,
				42A362D92F37E39F00F7B00B /* StudyHomeView.swift */,
				42BE99D22F3815EB00CBE507 /* IOSJournalBrowserView.swift */,
				42BE99CA2F3813CF00CBE507 /* IOSJournalEditor.swift */,
				42BE99CB2F3813CF00CBE507 /* JournalEditor.swift */,
				42BE99CC2F3813CF00CBE507 /* JournalView.swift */,
				42BE99CD2F3813CF00CBE507 /* StudyDashboardView.swift */,
				42A362DA2F37E39F00F7B00B /* SymbolPicker.swift */,
				42A362DB2F37E39F00F7B00B /* UbiquitousStore.swift */,
				42A362DC2F37E39F00F7B00B /* URL+Proxy.swift */,
				42BE99D42F3818D900CBE507 /* JournalEntryReader.swift */,
			);
			path = Pensive;
			sourceTree = "<group>";
		};
		42A362DE2F37E39F00F7B00B /* Sources */ = {
			isa = PBXGroup;
			children = (
				42A362DD2F37E39F00F7B00B /* Pensive */,
			);
			path = Sources;
			sourceTree = "<group>";
		};
/* End PBXGroup section */

/* Begin PBXNativeTarget section */
		4210DA232F3608EE00649B43 /* Pensive */ = {
			isa = PBXNativeTarget;
			buildConfigurationList = 4210DA322F3608F000649B43 /* Build configuration list for PBXNativeTarget "Pensive" */;
			buildPhases = (
				4210DA202F3608EE00649B43 /* Sources */,
				4210DA212F3608EE00649B43 /* Frameworks */,
				4210DA222F3608EE00649B43 /* Resources */,
			);
			buildRules = (
			);
			dependencies = (
			);
			name = Pensive;
			packageProductDependencies = (
			);
			productName = Pensive;
			productReference = 4210DA242F3608EE00649B43 /* Pensive.app */;
			productType = "com.apple.product-type.application";
		};
/* End PBXNativeTarget section */

/* Begin PBXProject section */
		4210DA1C2F3608EE00649B43 /* Project object */ = {
			isa = PBXProject;
			attributes = {
				BuildIndependentTargetsInParallel = 1;
				LastSwiftUpdateCheck = 2610;
				LastUpgradeCheck = 2610;
				TargetAttributes = {
					4210DA232F3608EE00649B43 = {
						CreatedOnToolsVersion = 26.1.1;
					};
				};
			};
			buildConfigurationList = 4210DA1F2F3608EE00649B43 /* Build configuration list for PBXProject "Pensive" */;
			developmentRegion = en;
			hasScannedForEncodings = 0;
			knownRegions = (
				en,
				Base,
			);
			mainGroup = 4210DA1B2F3608EE00649B43;
			minimizedProjectReferenceProxies = 1;
			preferredProjectObjectVersion = 77;
			productRefGroup = 4210DA252F3608EE00649B43 /* Products */;
			projectDirPath = "";
			projectRoot = "";
			targets = (
				4210DA232F3608EE00649B43 /* Pensive */,
			);
		};
/* End PBXProject section */

/* Begin PBXResourcesBuildPhase section */
		4210DA222F3608EE00649B43 /* Resources */ = {
			isa = PBXResourcesBuildPhase;
			buildActionMask = 2147483647;
			files = (
				42A362BA2F37E37300F7B00B /* Assets.xcassets in Resources */,
				42A362FD2F37E39F00F7B00B /* AppIcon.icns in Resources */,
				42A362FE2F37E39F00F7B00B /* plan.json in Resources */,
			);
			runOnlyForDeploymentPostprocessing = 0;
		};
/* End PBXResourcesBuildPhase section */

/* Begin PBXSourcesBuildPhase section */
		4210DA202F3608EE00649B43 /* Sources */ = {
			isa = PBXSourcesBuildPhase;
			buildActionMask = 2147483647;
			files = (
				42A362DF2F37E39F00F7B00B /* ReadingPlanProvider.swift in Sources */,
				42A362E02F37E39F00F7B00B /* ContentView.swift in Sources */,
				42A362E12F37E39F00F7B00B /* PrayerArea.swift in Sources */,
				42A362E22F37E39F00F7B00B /* CommonUI.swift in Sources */,
				42A362E32F37E39F00F7B00B /* PrayerItem.swift in Sources */,
				42A362E42F37E39F00F7B00B /* SettingsView.swift in Sources */,
				42A362E52F37E39F00F7B00B /* DivineHoursView.swift in Sources */,
				42A362E62F37E39F00F7B00B /* ScriptureView.swift in Sources */,
				42A362E72F37E39F00F7B00B /* ReadDay.swift in Sources */,
				42A362E82F37E39F00F7B00B /* RSSFeed.swift in Sources */,
				42A362E92F37E39F00F7B00B /* PrayedDay.swift in Sources */,
				42A362EA2F37E39F00F7B00B /* DivineHoursService.swift in Sources */,
				42A362EB2F37E39F00F7B00B /* StudyHomeView.swift in Sources */,
				42A362EC2F37E39F00F7B00B /* ScriptureService.swift in Sources */,
				42A362EE2F37E39F00F7B00B /* NativeTextView.swift in Sources */,
				42A362EF2F37E39F00F7B00B /* JournalSection.swift in Sources */,
				42A362F02F37E39F00F7B00B /* PersonalPrayerView.swift in Sources */,
				42A362F12F37E39F00F7B00B /* JournalHomeView.swift in Sources */,
				42A362F22F37E39F00F7B00B /* UbiquitousStore.swift in Sources */,
				42BE99D32F3815EB00CBE507 /* IOSJournalBrowserView.swift in Sources */,
				42A362F32F37E39F00F7B00B /* HomeView.swift in Sources */,
				42A362F42F37E39F00F7B00B /* PensiveApp.swift in Sources */,
				42A362F52F37E39F00F7B00B /* FeedManagementView.swift in Sources */,
				42A362F62F37E39F00F7B00B /* SymbolPicker.swift in Sources */,
				42A362F72F37E39F00F7B00B /* JournalEntry.swift in Sources */,
				42A362F82F37E39F00F7B00B /* MasonryViews.swift in Sources */,
				42BE99CE2F3813CF00CBE507 /* JournalEditor.swift in Sources */,
				42BE99CF2F3813CF00CBE507 /* JournalView.swift in Sources */,
				42BE99D02F3813CF00CBE507 /* StudyDashboardView.swift in Sources */,
				42BE99D12F3813CF00CBE507 /* IOSJournalEditor.swift in Sources */,
				42BE99D52F3818D900CBE507 /* JournalEntryReader.swift in Sources */,
				42A362F92F37E39F00F7B00B /* StudyArticleCard.swift in Sources */,
				42A362FA2F37E39F00F7B00B /* PubMedService.swift in Sources */,
				42A362FB2F37E39F00F7B00B /* LocationManager.swift in Sources */,
				42A362FC2F37E39F00F7B00B /* PrayHomeView.swift in Sources */,
				42BE99D72F3826D800CBE507 /* UnifiedModuleHeader.swift in Sources */,
				42A362FF2F37E39F00F7B00B /* URL+Proxy.swift in Sources */,
			);
			runOnlyForDeploymentPostprocessing = 0;
		};
/* End PBXSourcesBuildPhase section */

/* Begin XCBuildConfiguration section */
		4210DA332F3608F000649B43 /* Debug */ = {
			isa = XCBuildConfiguration;
			buildSettings = {
				ASSETCATALOG_COMPILER_APPICON_NAME = AppIcon;
				ASSETCATALOG_COMPILER_GLOBAL_ACCENT_COLOR_NAME = AccentColor;
				CODE_SIGN_ALLOW_ENTITLEMENTS_MODIFICATION = YES;
				CODE_SIGN_ENTITLEMENTS = Pensive/Pensive.entitlements;
				CODE_SIGN_STYLE = Automatic;
				CURRENT_PROJECT_VERSION = 1;
				DEVELOPMENT_TEAM = S99SBQD4T6;
				ENABLE_APP_SANDBOX = YES;
				ENABLE_HARDENED_RUNTIME = YES;
				ENABLE_PREVIEWS = YES;
				ENABLE_USER_SELECTED_FILES = readonly;
				GENERATE_INFOPLIST_FILE = YES;
				INFOPLIST_FILE = Pensive/Info.plist;
				"INFOPLIST_KEY_UIApplicationSceneManifest_Generation[sdk=iphoneos*]" = YES;
				"INFOPLIST_KEY_UIApplicationSceneManifest_Generation[sdk=iphonesimulator*]" = YES;
				"INFOPLIST_KEY_UIApplicationSupportsIndirectInputEvents[sdk=iphoneos*]" = YES;
				"INFOPLIST_KEY_UIApplicationSupportsIndirectInputEvents[sdk=iphonesimulator*]" = YES;
				"INFOPLIST_KEY_UILaunchScreen_Generation[sdk=iphoneos*]" = YES;
				"INFOPLIST_KEY_UILaunchScreen_Generation[sdk=iphonesimulator*]" = YES;
				"INFOPLIST_KEY_UIStatusBarStyle[sdk=iphoneos*]" = UIStatusBarStyleDefault;
				"INFOPLIST_KEY_UIStatusBarStyle[sdk=iphonesimulator*]" = UIStatusBarStyleDefault;
				INFOPLIST_KEY_UISupportedInterfaceOrientations_iPad = "UIInterfaceOrientationPortrait UIInterfaceOrientationPortraitUpsideDown UIInterfaceOrientationLandscapeLeft UIInterfaceOrientationLandscapeRight";
				INFOPLIST_KEY_UISupportedInterfaceOrientations_iPhone = "UIInterfaceOrientationPortrait UIInterfaceOrientationLandscapeLeft UIInterfaceOrientationLandscapeRight";
				IPHONEOS_DEPLOYMENT_TARGET = 17.0;
				LD_RUNPATH_SEARCH_PATHS = "@executable_path/Frameworks";
				"LD_RUNPATH_SEARCH_PATHS[sdk=macosx*]" = "@executable_path/../Frameworks";
				MACOSX_DEPLOYMENT_TARGET = 15.6;
				MARKETING_VERSION = 1.0;
				PRODUCT_BUNDLE_IDENTIFIER = jheastman.Pensive;
				PRODUCT_NAME = "$(TARGET_NAME)";
				REGISTER_APP_GROUPS = YES;
				SDKROOT = auto;
				STRING_CATALOG_GENERATE_SYMBOLS = YES;
				SUPPORTED_PLATFORMS = "iphoneos iphonesimulator macosx xros xrsimulator";
				SWIFT_APPROACHABLE_CONCURRENCY = YES;
				SWIFT_DEFAULT_ACTOR_ISOLATION = MainActor;
				SWIFT_EMIT_LOC_STRINGS = YES;
				SWIFT_UPCOMING_FEATURE_MEMBER_IMPORT_VISIBILITY = YES;
				SWIFT_VERSION = 5.0;
				TARGETED_DEVICE_FAMILY = "1,2,7";
				XROS_DEPLOYMENT_TARGET = 26.1;
			};
			name = Debug;
		};
		4210DA342F3608F000649B43 /* Release */ = {
			isa = XCBuildConfiguration;
			buildSettings = {
				ASSETCATALOG_COMPILER_APPICON_NAME = AppIcon;
				ASSETCATALOG_COMPILER_GLOBAL_ACCENT_COLOR_NAME = AccentColor;
				CODE_SIGN_ALLOW_ENTITLEMENTS_MODIFICATION = YES;
				CODE_SIGN_ENTITLEMENTS = Pensive/Pensive.entitlements;
				CODE_SIGN_STYLE = Automatic;
				CURRENT_PROJECT_VERSION = 1;
				DEVELOPMENT_TEAM = S99SBQD4T6;
				ENABLE_APP_SANDBOX = YES;
				ENABLE_HARDENED_RUNTIME = YES;
				ENABLE_PREVIEWS = YES;
				ENABLE_USER_SELECTED_FILES = readonly;
				GENERATE_INFOPLIST_FILE = YES;
				INFOPLIST_FILE = Pensive/Info.plist;
				"INFOPLIST_KEY_UIApplicationSceneManifest_Generation[sdk=iphoneos*]" = YES;
				"INFOPLIST_KEY_UIApplicationSceneManifest_Generation[sdk=iphonesimulator*]" = YES;
				"INFOPLIST_KEY_UIApplicationSupportsIndirectInputEvents[sdk=iphoneos*]" = YES;
				"INFOPLIST_KEY_UIApplicationSupportsIndirectInputEvents[sdk=iphonesimulator*]" = YES;
				"INFOPLIST_KEY_UILaunchScreen_Generation[sdk=iphoneos*]" = YES;
				"INFOPLIST_KEY_UILaunchScreen_Generation[sdk=iphonesimulator*]" = YES;
				"INFOPLIST_KEY_UIStatusBarStyle[sdk=iphoneos*]" = UIStatusBarStyleDefault;
				"INFOPLIST_KEY_UIStatusBarStyle[sdk=iphonesimulator*]" = UIStatusBarStyleDefault;
				INFOPLIST_KEY_UISupportedInterfaceOrientations_iPad = "UIInterfaceOrientationPortrait UIInterfaceOrientationPortraitUpsideDown UIInterfaceOrientationLandscapeLeft UIInterfaceOrientationLandscapeRight";
				INFOPLIST_KEY_UISupportedInterfaceOrientations_iPhone = "UIInterfaceOrientationPortrait UIInterfaceOrientationLandscapeLeft UIInterfaceOrientationLandscapeRight";
				IPHONEOS_DEPLOYMENT_TARGET = 17.0;
				LD_RUNPATH_SEARCH_PATHS = "@executable_path/Frameworks";
				"LD_RUNPATH_SEARCH_PATHS[sdk=macosx*]" = "@executable_path/../Frameworks";
				MACOSX_DEPLOYMENT_TARGET = 15.6;
				MARKETING_VERSION = 1.0;
				PRODUCT_BUNDLE_IDENTIFIER = jheastman.Pensive;
				PRODUCT_NAME = "$(TARGET_NAME)";
				REGISTER_APP_GROUPS = YES;
				SDKROOT = auto;
				STRING_CATALOG_GENERATE_SYMBOLS = YES;
				SUPPORTED_PLATFORMS = "iphoneos iphonesimulator macosx xros xrsimulator";
				SWIFT_APPROACHABLE_CONCURRENCY = YES;
				SWIFT_DEFAULT_ACTOR_ISOLATION = MainActor;
				SWIFT_EMIT_LOC_STRINGS = YES;
				SWIFT_UPCOMING_FEATURE_MEMBER_IMPORT_VISIBILITY = YES;
				SWIFT_VERSION = 5.0;
				TARGETED_DEVICE_FAMILY = "1,2,7";
				XROS_DEPLOYMENT_TARGET = 26.1;
			};
			name = Release;
		};
		4210DA352F3608F000649B43 /* Debug */ = {
			isa = XCBuildConfiguration;
			buildSettings = {
				ALWAYS_SEARCH_USER_PATHS = NO;
				ASSETCATALOG_COMPILER_GENERATE_SWIFT_ASSET_SYMBOL_EXTENSIONS = YES;
				CLANG_ANALYZER_NONNULL = YES;
				CLANG_ANALYZER_NUMBER_OBJECT_CONVERSION = YES_AGGRESSIVE;
				CLANG_CXX_LANGUAGE_STANDARD = "gnu++20";
				CLANG_ENABLE_MODULES = YES;
				CLANG_ENABLE_OBJC_ARC = YES;
				CLANG_ENABLE_OBJC_WEAK = YES;
				CLANG_WARN_BLOCK_CAPTURE_AUTORELEASING = YES;
				CLANG_WARN_BOOL_CONVERSION = YES;
				CLANG_WARN_COMMA = YES;
				CLANG_WARN_CONSTANT_CONVERSION = YES;
				CLANG_WARN_DEPRECATED_OBJC_IMPLEMENTATIONS = YES;
				CLANG_WARN_DIRECT_OBJC_ISA_USAGE = YES_ERROR;
				CLANG_WARN_DOCUMENTATION_COMMENTS = YES;
				CLANG_WARN_EMPTY_BODY = YES;
				CLANG_WARN_ENUM_CONVERSION = YES;
				CLANG_WARN_INFINITE_RECURSION = YES;
				CLANG_WARN_INT_CONVERSION = YES;
				CLANG_WARN_NON_LITERAL_NULL_CONVERSION = YES;
				CLANG_WARN_OBJC_IMPLICIT_RETAIN_SELF = YES;
				CLANG_WARN_OBJC_LITERAL_CONVERSION = YES;
				CLANG_WARN_OBJC_ROOT_CLASS = YES_ERROR;
				CLANG_WARN_QUOTED_INCLUDE_IN_FRAMEWORK_HEADER = YES;
				CLANG_WARN_RANGE_LOOP_ANALYSIS = YES;
				CLANG_WARN_STRICT_PROTOTYPES = YES;
				CLANG_WARN_SUSPICIOUS_MOVE = YES;
				CLANG_WARN_UNGUARDED_AVAILABILITY = YES_AGGRESSIVE;
				CLANG_WARN_UNREACHABLE_CODE = YES;
				CLANG_WARN__DUPLICATE_METHOD_MATCH = YES;
				COPY_PHASE_STRIP = NO;
				DEBUG_INFORMATION_FORMAT = dwarf;
				DEVELOPMENT_TEAM = S99SBQD4T6;
				ENABLE_STRICT_OBJC_MSGSEND = YES;
				ENABLE_TESTABILITY = YES;
				ENABLE_USER_SCRIPT_SANDBOXING = YES;
				GCC_C_LANGUAGE_STANDARD = gnu17;
				GCC_DYNAMIC_NO_PIC = NO;
				GCC_NO_COMMON_BLOCKS = YES;
				GCC_OPTIMIZATION_LEVEL = 0;
				GCC_PREPROCESSOR_DEFINITIONS = (
					"DEBUG=1",
					"$(inherited)",
				);
				GCC_WARN_64_TO_32_BIT_CONVERSION = YES;
				GCC_WARN_ABOUT_RETURN_TYPE = YES_ERROR;
				GCC_WARN_UNDECLARED_SELECTOR = YES;
				GCC_WARN_UNINITIALIZED_AUTOS = YES_AGGRESSIVE;
				GCC_WARN_UNUSED_FUNCTION = YES;
				GCC_WARN_UNUSED_VARIABLE = YES;
				LOCALIZATION_PREFERS_STRING_CATALOGS = YES;
				MTL_ENABLE_DEBUG_INFO = INCLUDE_SOURCE;
				MTL_FAST_MATH = YES;
				ONLY_ACTIVE_ARCH = YES;
				SWIFT_ACTIVE_COMPILATION_CONDITIONS = "DEBUG $(inherited)";
				SWIFT_OPTIMIZATION_LEVEL = "-Onone";
			};
			name = Debug;
		};
		4210DA362F3608F000649B43 /* Release */ = {
			isa = XCBuildConfiguration;
			buildSettings = {
				ALWAYS_SEARCH_USER_PATHS = NO;
				ASSETCATALOG_COMPILER_GENERATE_SWIFT_ASSET_SYMBOL_EXTENSIONS = YES;
				CLANG_ANALYZER_NONNULL = YES;
				CLANG_ANALYZER_NUMBER_OBJECT_CONVERSION = YES_AGGRESSIVE;
				CLANG_CXX_LANGUAGE_STANDARD = "gnu++20";
				CLANG_ENABLE_MODULES = YES;
				CLANG_ENABLE_OBJC_ARC = YES;
				CLANG_ENABLE_OBJC_WEAK = YES;
				CLANG_WARN_BLOCK_CAPTURE_AUTORELEASING = YES;
				CLANG_WARN_BOOL_CONVERSION = YES;
				CLANG_WARN_COMMA = YES;
				CLANG_WARN_CONSTANT_CONVERSION = YES;
				CLANG_WARN_DEPRECATED_OBJC_IMPLEMENTATIONS = YES;
				CLANG_WARN_DIRECT_OBJC_ISA_USAGE = YES_ERROR;
				CLANG_WARN_DOCUMENTATION_COMMENTS = YES;
				CLANG_WARN_EMPTY_BODY = YES;
				CLANG_WARN_ENUM_CONVERSION = YES;
				CLANG_WARN_INFINITE_RECURSION = YES;
				CLANG_WARN_INT_CONVERSION = YES;
				CLANG_WARN_NON_LITERAL_NULL_CONVERSION = YES;
				CLANG_WARN_OBJC_IMPLICIT_RETAIN_SELF = YES;
				CLANG_WARN_OBJC_LITERAL_CONVERSION = YES;
				CLANG_WARN_OBJC_ROOT_CLASS = YES_ERROR;
				CLANG_WARN_QUOTED_INCLUDE_IN_FRAMEWORK_HEADER = YES;
				CLANG_WARN_RANGE_LOOP_ANALYSIS = YES;
				CLANG_WARN_STRICT_PROTOTYPES = YES;
				CLANG_WARN_SUSPICIOUS_MOVE = YES;
				CLANG_WARN_UNGUARDED_AVAILABILITY = YES_AGGRESSIVE;
				CLANG_WARN_UNREACHABLE_CODE = YES;
				CLANG_WARN__DUPLICATE_METHOD_MATCH = YES;
				COPY_PHASE_STRIP = NO;
				DEBUG_INFORMATION_FORMAT = "dwarf-with-dsym";
				DEVELOPMENT_TEAM = S99SBQD4T6;
				ENABLE_NS_ASSERTIONS = NO;
				ENABLE_STRICT_OBJC_MSGSEND = YES;
				ENABLE_USER_SCRIPT_SANDBOXING = YES;
				GCC_C_LANGUAGE_STANDARD = gnu17;
				GCC_NO_COMMON_BLOCKS = YES;
				GCC_WARN_64_TO_32_BIT_CONVERSION = YES;
				GCC_WARN_ABOUT_RETURN_TYPE = YES_ERROR;
				GCC_WARN_UNDECLARED_SELECTOR = YES;
				GCC_WARN_UNINITIALIZED_AUTOS = YES_AGGRESSIVE;
				GCC_WARN_UNUSED_FUNCTION = YES;
				GCC_WARN_UNUSED_VARIABLE = YES;
				LOCALIZATION_PREFERS_STRING_CATALOGS = YES;
				MTL_ENABLE_DEBUG_INFO = NO;
				MTL_FAST_MATH = YES;
				SWIFT_COMPILATION_MODE = wholemodule;
			};
			name = Release;
		};
/* End XCBuildConfiguration section */

/* Begin XCConfigurationList section */
		4210DA1F2F3608EE00649B43 /* Build configuration list for PBXProject "Pensive" */ = {
			isa = XCConfigurationList;
			buildConfigurations = (
				4210DA352F3608F000649B43 /* Debug */,
				4210DA362F3608F000649B43 /* Release */,
			);
			defaultConfigurationIsVisible = 0;
			defaultConfigurationName = Release;
		};
		4210DA322F3608F000649B43 /* Build configuration list for PBXNativeTarget "Pensive" */ = {
			isa = XCConfigurationList;
			buildConfigurations = (
				4210DA332F3608F000649B43 /* Debug */,
				4210DA342F3608F000649B43 /* Release */,
			);
			defaultConfigurationIsVisible = 0;
			defaultConfigurationName = Release;
		};
/* End XCConfigurationList section */
	};
	rootObject = 4210DA1C2F3608EE00649B43 /* Project object */;
}
